{
  "name": "taiko-sr-calc",
  "lockfileVersion": 2,
  "requires": true,
  "packages": {
    "": {
      "dependencies": {
        "@r0neko/osuparser": "^1.0.3"
      }
    },
    "node_modules/@r0neko/osuparser": {
      "version": "1.0.3",
      "resolved": "https://registry.npmjs.org/@r0neko/osuparser/-/osuparser-1.0.3.tgz",
      "integrity": "sha512-hfEO4VM13jP4KVFZtX+Thg2GLdB696qb+wh7cIMoEqwaGfyiB0In/1R2lTx7WS1HiRMVnRlpTtDRHK86JOB6ag=="
    }
  },
  "dependencies": {
    "@r0neko/osuparser": {
      "version": "1.0.3",
      "resolved": "https://registry.npmjs.org/@r0neko/osuparser/-/osuparser-1.0.3.tgz",
      "integrity": "sha512-hfEO4VM13jP4KVFZtX+Thg2GLdB696qb+wh7cIMoEqwaGfyiB0In/1R2lTx7WS1HiRMVnRlpTtDRHK86JOB6ag=="
    }
  }
}
